{
    "_meta": {
        "hash": {
            "sha256": "c63070a4e679a7faf4400791163dd2866ce4acb1ac27e02afdfbf5a8cb8e9bca"
        },
        "pipfile-spec": 6,
        "requires": {
            "python_version": "3.7"
        },
        "sources": [
            {
                "name": "pypi",
                "url": "https://pypi.org/simple",
                "verify_ssl": true
            }
        ]
    },
    "default": {},
    "develop": {
        "asgiref": {
            "hashes": [
                "sha256:4ef1ab46b484e3c706329cedeff284a5d40824200638503f5768edb6de7d58e9",
                "sha256:ffc141aa908e6f175673e7b1b3b7af4fdb0ecb738fc5c8b88f69f055c2415214"
            ],
            "markers": "python_version >= '3.6'",
            "version": "==3.4.1"
        },
        "backports.entry-points-selectable": {
            "hashes": [
                "sha256:988468260ec1c196dab6ae1149260e2f5472c9110334e5d51adcb77867361f6a",
                "sha256:a6d9a871cde5e15b4c4a53e3d43ba890cc6861ec1332c9c2428c92f977192acc"
            ],
            "markers": "python_version >= '2.7'",
            "version": "==1.1.0"
        },
        "distlib": {
            "hashes": [
                "sha256:106fef6dc37dd8c0e2c0a60d3fca3e77460a48907f335fa28420463a6f799736",
                "sha256:23e223426b28491b1ced97dc3bbe183027419dfc7982b4fa2f05d5f3ff10711c"
            ],
            "version": "==0.3.2"
        },
        "django": {
            "hashes": [
                "sha256:0604e84c4fb698a5e53e5857b5aea945b2f19a18f25f10b8748dbdf935788927",
                "sha256:21f0f9643722675976004eb683c55d33c05486f94506672df3d6a141546f389d"
            ],
            "index": "pypi",
            "version": "==3.2"
        },
        "filelock": {
            "hashes": [
                "sha256:18d82244ee114f543149c66a6e0c14e9c4f8a1044b5cdaadd0f82159d6a6ff59",
                "sha256:929b7d63ec5b7d6b71b0fa5ac14e030b3f70b75747cef1b10da9b879fef15836"
            ],
            "version": "==3.0.12"
        },
        "importlib-metadata": {
            "hashes": [
                "sha256:b618b6d2d5ffa2f16add5697cf57a46c76a56229b0ed1c438322e4e95645bd15",
                "sha256:f284b3e11256ad1e5d03ab86bb2ccd6f5339688ff17a4d797a0fe7df326f23b1"
            ],
            "markers": "python_version < '3.8'",
            "version": "==4.8.1"
        },
        "packaging": {
            "hashes": [
                "sha256:7dc96269f53a4ccec5c0670940a4281106dd0bb343f47b7471f779df49c2fbe7",
                "sha256:c86254f9220d55e31cc94d69bade760f0847da8000def4dfe1c6b872fd14ff14"
            ],
            "markers": "python_version >= '3.6'",
            "version": "==21.0"
        },
        "platformdirs": {
            "hashes": [
                "sha256:15b056538719b1c94bdaccb29e5f81879c7f7f0f4a153f46086d155dffcd4f0f",
                "sha256:8003ac87717ae2c7ee1ea5a84a1a61e87f3fbd16eb5aadba194ea30a9019f648"
            ],
            "markers": "python_version >= '3.6'",
            "version": "==2.3.0"
        },
        "pluggy": {
            "hashes": [
                "sha256:4224373bacce55f955a878bf9cfa763c1e360858e330072059e10bad68531159",
                "sha256:74134bbf457f031a36d68416e1509f34bd5ccc019f0bcc952c7b909d06b37bd3"
            ],
            "markers": "python_version >= '3.6'",
            "version": "==1.0.0"
        },
        "py": {
            "hashes": [
                "sha256:21b81bda15b66ef5e1a777a21c4dcd9c20ad3efd0b3f817e7a809035269e1bd3",
                "sha256:3b80836aa6d1feeaa108e046da6423ab8f6ceda6468545ae8d02d9d58d18818a"
            ],
            "markers": "python_version >= '2.7' and python_version not in '3.0, 3.1, 3.2, 3.3'",
            "version": "==1.10.0"
        },
        "pyparsing": {
            "hashes": [
                "sha256:c203ec8783bf771a155b207279b9bccb8dea02d8f0c9e5f8ead507bc3246ecc1",
                "sha256:ef9d7589ef3c200abe66653d3f1ab1033c3c419ae9b9bdb1240a85b024efc88b"
            ],
            "markers": "python_version >= '2.6' and python_version not in '3.0, 3.1, 3.2, 3.3'",
            "version": "==2.4.7"
        },
        "pytz": {
            "hashes": [
                "sha256:83a4a90894bf38e243cf052c8b58f381bfe9a7a483f6a9cab140bc7f702ac4da",
                "sha256:eb10ce3e7736052ed3623d49975ce333bcd712c7bb19a58b9e2089d4057d0798"
            ],
            "version": "==2021.1"
        },
        "six": {
            "hashes": [
                "sha256:1e61c37477a1626458e36f7b1d82aa5c9b094fa4802892072e49de9c60c4c926",
                "sha256:8abb2f1d86890a2dfb989f9a77cfcfd3e47c2a354b01111771326f8aa26e0254"
            ],
            "markers": "python_version >= '2.7' and python_version not in '3.0, 3.1, 3.2, 3.3'",
            "version": "==1.16.0"
        },
        "sqlparse": {
            "hashes": [
                "sha256:0c00730c74263a94e5a9919ade150dfc3b19c574389985446148402998287dae",
                "sha256:48719e356bb8b42991bdbb1e8b83223757b93789c00910a616a071910ca4a64d"
            ],
            "index": "pypi",
            "version": "==0.4.2"
        },
        "toml": {
            "hashes": [
                "sha256:806143ae5bfb6a3c6e736a764057db0e6a0e05e338b5630894a5f779cabb4f9b",
                "sha256:b3bda1d108d5dd99f4a20d24d9c348e91c4db7ab1b749200bded2f839ccbe68f"
            ],
            "markers": "python_version >= '2.6' and python_version not in '3.0, 3.1, 3.2, 3.3'",
            "version": "==0.10.2"
        },
        "tox": {
            "hashes": [
                "sha256:05a4dbd5e4d3d8269b72b55600f0b0303e2eb47ad5c6fe76d3576f4c58d93661",
                "sha256:e007673f3595cede9b17a7c4962389e4305d4a3682a6c5a4159a1453b4f326aa"
            ],
            "index": "pypi",
            "version": "==3.23.0"
        },
        "tox-pyenv": {
            "hashes": [
                "sha256:916c2213577aec0b3b5452c5bfb32fd077f3a3196f50a81ad57d7ef3fc2599e4",
                "sha256:e470c18af115fe52eeff95e7e3cdd0793613eca19709966fc2724b79d55246cb"
            ],
            "index": "pypi",
            "version": "==1.1.0"
        },
        "tox-travis": {
            "hashes": [
                "sha256:442c96b078333c94e272d0e90e4582e35e0529ea98bcd2f7f96053d690c4e7a4",
                "sha256:465cd8f71ad878962a3fce0e9e2e213994e0ae4e0c30f87fe6af1b04ea282dc4"
            ],
            "index": "pypi",
            "version": "==0.12"
        },
        "typing-extensions": {
            "hashes": [
                "sha256:49f75d16ff11f1cd258e1b988ccff82a3ca5570217d7ad8c5f48205dd99a677e",
                "sha256:d8226d10bc02a29bcc81df19a26e56a9647f8b0a6d4a83924139f4a8b01f17b7",
                "sha256:f1d25edafde516b146ecd0613dabcc61409817af4766fbbcfb8d1ad4ec441a34"
            ],
            "markers": "python_version < '3.8'",
            "version": "==3.10.0.2"
        },
        "virtualenv": {
            "hashes": [
                "sha256:9ef4e8ee4710826e98ff3075c9a4739e2cb1040de6a2a8d35db0055840dc96a0",
                "sha256:e4670891b3a03eb071748c569a87cceaefbf643c5bac46d996c5a45c34aa0f06"
            ],
            "markers": "python_version >= '2.7' and python_version not in '3.0, 3.1, 3.2, 3.3, 3.4'",
            "version": "==20.7.2"
        },
        "zipp": {
            "hashes": [
                "sha256:957cfda87797e389580cb8b9e3870841ca991e2125350677b2ca83a0e99390a3",
                "sha256:f5812b1e007e48cff63449a5e9f4e7ebea716b4111f9c4f9a645f91d579bf0c4"
            ],
            "markers": "python_version >= '3.6'",
            "version": "==3.5.0"
        }
    }
}
